
Microsoft Visual Studio Solution File, Format Version 12.00
# Visual Studio Version 17
VisualStudioVersion = 17.12.35514.174
MinimumVisualStudioVersion = 10.0.40219.1
Project("{2150E333-8FDC-42A3-9474-1A3956D46DE8}") = "src", "src", "{937B2954-878C-4E18-8EA1-47E1859FD9B5}"
EndProject
Project("{2150E333-8FDC-42A3-9474-1A3956D46DE8}") = "BuildingBlocks", "BuildingBlocks", "{206F51D5-83D2-4689-8AF4-CEDD116AB0F7}"
EndProject
Project("{2150E333-8FDC-42A3-9474-1A3956D46DE8}") = "Services", "Services", "{36D632A2-726A-4DB1-8F68-A97BE0CC80C3}"
EndProject
Project("{2150E333-8FDC-42A3-9474-1A3956D46DE8}") = "ApiGateways", "ApiGateways", "{358E101F-40AF-4C28-98E7-1E745D0DB32E}"
EndProject
Project("{2150E333-8FDC-42A3-9474-1A3956D46DE8}") = "Web", "Web", "{E0B69CEC-BF1A-4493-A775-93C3D423FEC6}"
EndProject
Project("{FAE04EC0-301F-11D3-BF4B-00C04F79EFBC}") = "WebApiGateway", "src\ApiGateways\Web\WebApiGateway\WebApiGateway.csproj", "{3CA10C8C-E729-4377-BA9C-AD35BAAD49C9}"
EndProject
Project("{2150E333-8FDC-42A3-9474-1A3956D46DE8}") = "IdentityService", "IdentityService", "{D51056E4-8589-4B49-9F74-CFE62603E7E7}"
EndProject
Project("{E53339B2-1760-4266-BCC7-CA923CBCF16C}") = "docker-compose", "docker-compose.dcproj", "{083DC340-0692-4AB6-83D2-459ED0AD280C}"
EndProject
Project("{FAE04EC0-301F-11D3-BF4B-00C04F79EFBC}") = "Identity.Api", "src\Services\IdentityService\Identity.Api\Identity.Api.csproj", "{B7895401-28BF-428E-8C4D-60FA7760BF1E}"
EndProject
Project("{FAE04EC0-301F-11D3-BF4B-00C04F79EFBC}") = "Services.Core", "src\BuildingBlocks\Services.Core\Services.Core.csproj", "{8D923525-F361-473A-8356-2E30237575D2}"
EndProject
Global
	GlobalSection(SolutionConfigurationPlatforms) = preSolution
		Debug|Any CPU = Debug|Any CPU
		Release|Any CPU = Release|Any CPU
	EndGlobalSection
	GlobalSection(ProjectConfigurationPlatforms) = postSolution
		{3CA10C8C-E729-4377-BA9C-AD35BAAD49C9}.Debug|Any CPU.ActiveCfg = Debug|Any CPU
		{3CA10C8C-E729-4377-BA9C-AD35BAAD49C9}.Debug|Any CPU.Build.0 = Debug|Any CPU
		{3CA10C8C-E729-4377-BA9C-AD35BAAD49C9}.Release|Any CPU.ActiveCfg = Release|Any CPU
		{3CA10C8C-E729-4377-BA9C-AD35BAAD49C9}.Release|Any CPU.Build.0 = Release|Any CPU
		{083DC340-0692-4AB6-83D2-459ED0AD280C}.Debug|Any CPU.ActiveCfg = Debug|Any CPU
		{083DC340-0692-4AB6-83D2-459ED0AD280C}.Debug|Any CPU.Build.0 = Debug|Any CPU
		{083DC340-0692-4AB6-83D2-459ED0AD280C}.Release|Any CPU.ActiveCfg = Release|Any CPU
		{083DC340-0692-4AB6-83D2-459ED0AD280C}.Release|Any CPU.Build.0 = Release|Any CPU
		{B7895401-28BF-428E-8C4D-60FA7760BF1E}.Debug|Any CPU.ActiveCfg = Debug|Any CPU
		{B7895401-28BF-428E-8C4D-60FA7760BF1E}.Debug|Any CPU.Build.0 = Debug|Any CPU
		{B7895401-28BF-428E-8C4D-60FA7760BF1E}.Release|Any CPU.ActiveCfg = Release|Any CPU
		{B7895401-28BF-428E-8C4D-60FA7760BF1E}.Release|Any CPU.Build.0 = Release|Any CPU
		{8D923525-F361-473A-8356-2E30237575D2}.Debug|Any CPU.ActiveCfg = Debug|Any CPU
		{8D923525-F361-473A-8356-2E30237575D2}.Debug|Any CPU.Build.0 = Debug|Any CPU
		{8D923525-F361-473A-8356-2E30237575D2}.Release|Any CPU.ActiveCfg = Release|Any CPU
		{8D923525-F361-473A-8356-2E30237575D2}.Release|Any CPU.Build.0 = Release|Any CPU
	EndGlobalSection
	GlobalSection(SolutionProperties) = preSolution
		HideSolutionNode = FALSE
	EndGlobalSection
	GlobalSection(NestedProjects) = preSolution
		{206F51D5-83D2-4689-8AF4-CEDD116AB0F7} = {937B2954-878C-4E18-8EA1-47E1859FD9B5}
		{36D632A2-726A-4DB1-8F68-A97BE0CC80C3} = {937B2954-878C-4E18-8EA1-47E1859FD9B5}
		{358E101F-40AF-4C28-98E7-1E745D0DB32E} = {937B2954-878C-4E18-8EA1-47E1859FD9B5}
		{E0B69CEC-BF1A-4493-A775-93C3D423FEC6} = {358E101F-40AF-4C28-98E7-1E745D0DB32E}
		{3CA10C8C-E729-4377-BA9C-AD35BAAD49C9} = {E0B69CEC-BF1A-4493-A775-93C3D423FEC6}
		{D51056E4-8589-4B49-9F74-CFE62603E7E7} = {36D632A2-726A-4DB1-8F68-A97BE0CC80C3}
		{B7895401-28BF-428E-8C4D-60FA7760BF1E} = {D51056E4-8589-4B49-9F74-CFE62603E7E7}
		{8D923525-F361-473A-8356-2E30237575D2} = {206F51D5-83D2-4689-8AF4-CEDD116AB0F7}
	EndGlobalSection
EndGlobal
